
Microsoft Visual Studio Solution File, Format Version 12.00
# Visual Studio Version 17
VisualStudioVersion = 17.7.34031.279
MinimumVisualStudioVersion = 10.0.40219.1
Project("{FAE04EC0-301F-11D3-BF4B-00C04F79EFBC}") = "ThucHanh1", "ThucHanh1\ThucHanh1.csproj", "{7FDBF5AB-0F55-4E4F-9472-D45BC86D18FE}"
EndProject
Global
	GlobalSection(SolutionConfigurationPlatforms) = preSolution
		Debug|Any CPU = Debug|Any CPU
		Release|Any CPU = Release|Any CPU
	EndGlobalSection
	GlobalSection(ProjectConfigurationPlatforms) = postSolution
		{7FDBF5AB-0F55-4E4F-9472-D45BC86D18FE}.Debug|Any CPU.ActiveCfg = Debug|Any CPU
		{7FDBF5AB-0F55-4E4F-9472-D45BC86D18FE}.Debug|Any CPU.Build.0 = Debug|Any CPU
		{7FDBF5AB-0F55-4E4F-9472-D45BC86D18FE}.Release|Any CPU.ActiveCfg = Release|Any CPU
		{7FDBF5AB-0F55-4E4F-9472-D45BC86D18FE}.Release|Any CPU.Build.0 = Release|Any CPU
	EndGlobalSection
	GlobalSection(SolutionProperties) = preSolution
		HideSolutionNode = FALSE
	EndGlobalSection
	GlobalSection(ExtensibilityGlobals) = postSolution
		SolutionGuid = {04518544-568F-4597-8FB5-A747080E6806}
	EndGlobalSection
EndGlobal
